
Microsoft Visual Studio Solution File, Format Version 12.00
# Visual Studio Version 17
VisualStudioVersion = 17.13.35828.75 d17.13
MinimumVisualStudioVersion = 10.0.40219.1
Project("{FAE04EC0-301F-11D3-BF4B-00C04F79EFBC}") = "FundamentosCsharp.Console", "FundamentosCsharp.Console\FundamentosCsharp.Console.csproj", "{557DF38E-839C-46A1-95A6-98D31A8C60ED}"
EndProject
Global
	GlobalSection(SolutionConfigurationPlatforms) = preSolution
		Debug|Any CPU = Debug|Any CPU
		Release|Any CPU = Release|Any CPU
	EndGlobalSection
	GlobalSection(ProjectConfigurationPlatforms) = postSolution
		{557DF38E-839C-46A1-95A6-98D31A8C60ED}.Debug|Any CPU.ActiveCfg = Debug|Any CPU
		{557DF38E-839C-46A1-95A6-98D31A8C60ED}.Debug|Any CPU.Build.0 = Debug|Any CPU
		{557DF38E-839C-46A1-95A6-98D31A8C60ED}.Release|Any CPU.ActiveCfg = Release|Any CPU
		{557DF38E-839C-46A1-95A6-98D31A8C60ED}.Release|Any CPU.Build.0 = Release|Any CPU
	EndGlobalSection
	GlobalSection(SolutionProperties) = preSolution
		HideSolutionNode = FALSE
	EndGlobalSection
	GlobalSection(ExtensibilityGlobals) = postSolution
		SolutionGuid = {F6899676-3107-4CE9-AF43-0E5264A80D99}
	EndGlobalSection
EndGlobal
